
Microsoft Visual Studio Solution File, Format Version 12.00
# Visual Studio Version 17
VisualStudioVersion = 17.3.32901.215
MinimumVisualStudioVersion = 10.0.40219.1
Project("{FAE04EC0-301F-11D3-BF4B-00C04F79EFBC}") = "EcommerceMVC", "EcommerceMVC.csproj", "{69A5C6C4-8A6F-4985-B62B-894D90D4AD79}"
EndProject
Global
	GlobalSection(SolutionConfigurationPlatforms) = preSolution
		Debug|Any CPU = Debug|Any CPU
		Release|Any CPU = Release|Any CPU
	EndGlobalSection
	GlobalSection(ProjectConfigurationPlatforms) = postSolution
		{69A5C6C4-8A6F-4985-B62B-894D90D4AD79}.Debug|Any CPU.ActiveCfg = Debug|Any CPU
		{69A5C6C4-8A6F-4985-B62B-894D90D4AD79}.Debug|Any CPU.Build.0 = Debug|Any CPU
		{69A5C6C4-8A6F-4985-B62B-894D90D4AD79}.Release|Any CPU.ActiveCfg = Release|Any CPU
		{69A5C6C4-8A6F-4985-B62B-894D90D4AD79}.Release|Any CPU.Build.0 = Release|Any CPU
	EndGlobalSection
	GlobalSection(SolutionProperties) = preSolution
		HideSolutionNode = FALSE
	EndGlobalSection
	GlobalSection(ExtensibilityGlobals) = postSolution
		SolutionGuid = {DA3C56D5-4958-418C-8FCE-49F525FBBF69}
	EndGlobalSection
EndGlobal
